Microsoft Visual Studio Solution File, Format Version 11.00
# Visual Studio 2010
Project("{FAE04EC0-301F-11D3-BF4B-00C04F79EFBC}") = "2374 - InplaceCheckEditTemplate", "2374 - InplaceCheckEditTemplate\2374 - InplaceCheckEditTemplate.csproj", "{411E874E-FC3C-40FD-83F0-E92645E9E207}"
EndProject
Global
	GlobalSection(SolutionConfigurationPlatforms) = preSolution
		Debug|Any CPU = Debug|Any CPU
		Release|Any CPU = Release|Any CPU
	EndGlobalSection
	GlobalSection(ProjectConfigurationPlatforms) = postSolution
		{411E874E-FC3C-40FD-83F0-E92645E9E207}.Debug|Any CPU.ActiveCfg = Debug|Any CPU
		{411E874E-FC3C-40FD-83F0-E92645E9E207}.Debug|Any CPU.Build.0 = Debug|Any CPU
		{411E874E-FC3C-40FD-83F0-E92645E9E207}.Release|Any CPU.ActiveCfg = Release|Any CPU
		{411E874E-FC3C-40FD-83F0-E92645E9E207}.Release|Any CPU.Build.0 = Release|Any CPU
	EndGlobalSection
	GlobalSection(SolutionProperties) = preSolution
		HideSolutionNode = FALSE
	EndGlobalSection
EndGlobal
